
Microsoft Visual Studio Solution File, Format Version 12.00
# Visual Studio 15
VisualStudioVersion = 15.0.34112.143
MinimumVisualStudioVersion = 10.0.40219.1
Project("{8BC9CEB8-8B4A-11D0-8D11-00A0C91BC942}") = "2.31h", "2.31h\2.31h.vcxproj", "{1743CD99-2A9D-4FC9-AB6E-0D21042D8995}"
EndProject
Global
	GlobalSection(SolutionConfigurationPlatforms) = preSolution
		Debug|x64 = Debug|x64
		Debug|x86 = Debug|x86
		Release|x64 = Release|x64
		Release|x86 = Release|x86
	EndGlobalSection
	GlobalSection(ProjectConfigurationPlatforms) = postSolution
		{1743CD99-2A9D-4FC9-AB6E-0D21042D8995}.Debug|x64.ActiveCfg = Debug|x64
		{1743CD99-2A9D-4FC9-AB6E-0D21042D8995}.Debug|x64.Build.0 = Debug|x64
		{1743CD99-2A9D-4FC9-AB6E-0D21042D8995}.Debug|x86.ActiveCfg = Debug|Win32
		{1743CD99-2A9D-4FC9-AB6E-0D21042D8995}.Debug|x86.Build.0 = Debug|Win32
		{1743CD99-2A9D-4FC9-AB6E-0D21042D8995}.Release|x64.ActiveCfg = Release|x64
		{1743CD99-2A9D-4FC9-AB6E-0D21042D8995}.Release|x64.Build.0 = Release|x64
		{1743CD99-2A9D-4FC9-AB6E-0D21042D8995}.Release|x86.ActiveCfg = Release|Win32
		{1743CD99-2A9D-4FC9-AB6E-0D21042D8995}.Release|x86.Build.0 = Release|Win32
	EndGlobalSection
	GlobalSection(SolutionProperties) = preSolution
		HideSolutionNode = FALSE
	EndGlobalSection
	GlobalSection(ExtensibilityGlobals) = postSolution
		SolutionGuid = {8F656274-ABC8-4873-8144-720E7EFD4324}
	EndGlobalSection
EndGlobal
