
Microsoft Visual Studio Solution File, Format Version 12.00
# Visual Studio 15
VisualStudioVersion = 15.0.34112.143
MinimumVisualStudioVersion = 10.0.40219.1
Project("{8BC9CEB8-8B4A-11D0-8D11-00A0C91BC942}") = "2.21h", "2.21h\2.21h.vcxproj", "{E1389AE5-8C41-4F7E-AF5F-B032EBDC17DE}"
EndProject
Global
	GlobalSection(SolutionConfigurationPlatforms) = preSolution
		Debug|x64 = Debug|x64
		Debug|x86 = Debug|x86
		Release|x64 = Release|x64
		Release|x86 = Release|x86
	EndGlobalSection
	GlobalSection(ProjectConfigurationPlatforms) = postSolution
		{E1389AE5-8C41-4F7E-AF5F-B032EBDC17DE}.Debug|x64.ActiveCfg = Debug|x64
		{E1389AE5-8C41-4F7E-AF5F-B032EBDC17DE}.Debug|x64.Build.0 = Debug|x64
		{E1389AE5-8C41-4F7E-AF5F-B032EBDC17DE}.Debug|x86.ActiveCfg = Debug|Win32
		{E1389AE5-8C41-4F7E-AF5F-B032EBDC17DE}.Debug|x86.Build.0 = Debug|Win32
		{E1389AE5-8C41-4F7E-AF5F-B032EBDC17DE}.Release|x64.ActiveCfg = Release|x64
		{E1389AE5-8C41-4F7E-AF5F-B032EBDC17DE}.Release|x64.Build.0 = Release|x64
		{E1389AE5-8C41-4F7E-AF5F-B032EBDC17DE}.Release|x86.ActiveCfg = Release|Win32
		{E1389AE5-8C41-4F7E-AF5F-B032EBDC17DE}.Release|x86.Build.0 = Release|Win32
	EndGlobalSection
	GlobalSection(SolutionProperties) = preSolution
		HideSolutionNode = FALSE
	EndGlobalSection
	GlobalSection(ExtensibilityGlobals) = postSolution
		SolutionGuid = {82633205-B939-4D8B-8651-8F2C780DECFD}
	EndGlobalSection
EndGlobal
