
Microsoft Visual Studio Solution File, Format Version 12.00
# Visual Studio 15
VisualStudioVersion = 15.0.34112.143
MinimumVisualStudioVersion = 10.0.40219.1
Project("{8BC9CEB8-8B4A-11D0-8D11-00A0C91BC942}") = "2.25h", "2.25h\2.25h.vcxproj", "{3295DEFA-9409-4231-935D-60BE3C1099FD}"
EndProject
Global
	GlobalSection(SolutionConfigurationPlatforms) = preSolution
		Debug|x64 = Debug|x64
		Debug|x86 = Debug|x86
		Release|x64 = Release|x64
		Release|x86 = Release|x86
	EndGlobalSection
	GlobalSection(ProjectConfigurationPlatforms) = postSolution
		{3295DEFA-9409-4231-935D-60BE3C1099FD}.Debug|x64.ActiveCfg = Debug|x64
		{3295DEFA-9409-4231-935D-60BE3C1099FD}.Debug|x64.Build.0 = Debug|x64
		{3295DEFA-9409-4231-935D-60BE3C1099FD}.Debug|x86.ActiveCfg = Debug|Win32
		{3295DEFA-9409-4231-935D-60BE3C1099FD}.Debug|x86.Build.0 = Debug|Win32
		{3295DEFA-9409-4231-935D-60BE3C1099FD}.Release|x64.ActiveCfg = Release|x64
		{3295DEFA-9409-4231-935D-60BE3C1099FD}.Release|x64.Build.0 = Release|x64
		{3295DEFA-9409-4231-935D-60BE3C1099FD}.Release|x86.ActiveCfg = Release|Win32
		{3295DEFA-9409-4231-935D-60BE3C1099FD}.Release|x86.Build.0 = Release|Win32
	EndGlobalSection
	GlobalSection(SolutionProperties) = preSolution
		HideSolutionNode = FALSE
	EndGlobalSection
	GlobalSection(ExtensibilityGlobals) = postSolution
		SolutionGuid = {5DEEBCF6-0906-41D9-A6D7-DF6EB7E43D6A}
	EndGlobalSection
EndGlobal
